
Microsoft Visual Studio Solution File, Format Version 12.00
# Visual Studio Version 17
VisualStudioVersion = 17.12.35707.178 d17.12
MinimumVisualStudioVersion = 10.0.40219.1
Project("{FAE04EC0-301F-11D3-BF4B-00C04F79EFBC}") = "Tickart.Android", "Tickart.Android\Tickart.Android.csproj", "{52200CF4-3FB9-4D1B-AA7E-648AD119E310}"
EndProject
Project("{FAE04EC0-301F-11D3-BF4B-00C04F79EFBC}") = "Tickart.iOS", "Tickart.iOS\Tickart.iOS.csproj", "{C40DAF64-236B-40D0-924D-4BD54EFB6C9D}"
EndProject
Project("{FAE04EC0-301F-11D3-BF4B-00C04F79EFBC}") = "Tickart", "Tickart\Tickart.csproj", "{6BF58AA1-00B5-4FCD-8297-E16B5EEACB24}"
EndProject
Global
	GlobalSection(SolutionConfigurationPlatforms) = preSolution
		Debug|Any CPU = Debug|Any CPU
		Release|Any CPU = Release|Any CPU
	EndGlobalSection
	GlobalSection(ProjectConfigurationPlatforms) = postSolution
		{52200CF4-3FB9-4D1B-AA7E-648AD119E310}.Debug|Any CPU.ActiveCfg = Debug|Any CPU
		{52200CF4-3FB9-4D1B-AA7E-648AD119E310}.Debug|Any CPU.Build.0 = Debug|Any CPU
		{52200CF4-3FB9-4D1B-AA7E-648AD119E310}.Debug|Any CPU.Deploy.0 = Debug|Any CPU
		{52200CF4-3FB9-4D1B-AA7E-648AD119E310}.Release|Any CPU.ActiveCfg = Release|Any CPU
		{52200CF4-3FB9-4D1B-AA7E-648AD119E310}.Release|Any CPU.Build.0 = Release|Any CPU
		{52200CF4-3FB9-4D1B-AA7E-648AD119E310}.Release|Any CPU.Deploy.0 = Release|Any CPU
		{C40DAF64-236B-40D0-924D-4BD54EFB6C9D}.Debug|Any CPU.ActiveCfg = Debug|iPhone
		{C40DAF64-236B-40D0-924D-4BD54EFB6C9D}.Debug|Any CPU.Build.0 = Debug|iPhone
		{C40DAF64-236B-40D0-924D-4BD54EFB6C9D}.Debug|Any CPU.Deploy.0 = Debug|iPhone
		{C40DAF64-236B-40D0-924D-4BD54EFB6C9D}.Release|Any CPU.ActiveCfg = Release|iPhoneSimulator
		{C40DAF64-236B-40D0-924D-4BD54EFB6C9D}.Release|Any CPU.Build.0 = Release|iPhoneSimulator
		{C40DAF64-236B-40D0-924D-4BD54EFB6C9D}.Release|Any CPU.Deploy.0 = Release|iPhoneSimulator
		{6BF58AA1-00B5-4FCD-8297-E16B5EEACB24}.Debug|Any CPU.ActiveCfg = Debug|Any CPU
		{6BF58AA1-00B5-4FCD-8297-E16B5EEACB24}.Debug|Any CPU.Build.0 = Debug|Any CPU
		{6BF58AA1-00B5-4FCD-8297-E16B5EEACB24}.Debug|Any CPU.Deploy.0 = Debug|Any CPU
		{6BF58AA1-00B5-4FCD-8297-E16B5EEACB24}.Release|Any CPU.ActiveCfg = Release|Any CPU
		{6BF58AA1-00B5-4FCD-8297-E16B5EEACB24}.Release|Any CPU.Build.0 = Release|Any CPU
		{6BF58AA1-00B5-4FCD-8297-E16B5EEACB24}.Release|Any CPU.Deploy.0 = Release|Any CPU
	EndGlobalSection
	GlobalSection(SolutionProperties) = preSolution
		HideSolutionNode = FALSE
	EndGlobalSection
EndGlobal
